
Microsoft Visual Studio Solution File, Format Version 12.00
# Visual Studio Version 17
VisualStudioVersion = 17.4.33205.214
MinimumVisualStudioVersion = 10.0.40219.1
Project("{FAE04EC0-301F-11D3-BF4B-00C04F79EFBC}") = "Leetcode.Problems.Practice.Tests", "Leetcode.Problems.Practice.Tests\Leetcode.Problems.Practice.Tests.csproj", "{AE6CD830-87FA-45C4-B867-71334DF0E02D}"
EndProject
Project("{FAE04EC0-301F-11D3-BF4B-00C04F79EFBC}") = "Interview.PreTest.Tests", "Interview.PreTest.Tests\Interview.PreTest.Tests.csproj", "{BD514177-A907-43B3-9BAD-2A6F63A9597D}"
EndProject
Global
	GlobalSection(SolutionConfigurationPlatforms) = preSolution
		Debug|Any CPU = Debug|Any CPU
		Release|Any CPU = Release|Any CPU
	EndGlobalSection
	GlobalSection(ProjectConfigurationPlatforms) = postSolution
		{AE6CD830-87FA-45C4-B867-71334DF0E02D}.Debug|Any CPU.ActiveCfg = Debug|Any CPU
		{AE6CD830-87FA-45C4-B867-71334DF0E02D}.Debug|Any CPU.Build.0 = Debug|Any CPU
		{AE6CD830-87FA-45C4-B867-71334DF0E02D}.Release|Any CPU.ActiveCfg = Release|Any CPU
		{AE6CD830-87FA-45C4-B867-71334DF0E02D}.Release|Any CPU.Build.0 = Release|Any CPU
		{BD514177-A907-43B3-9BAD-2A6F63A9597D}.Debug|Any CPU.ActiveCfg = Debug|Any CPU
		{BD514177-A907-43B3-9BAD-2A6F63A9597D}.Debug|Any CPU.Build.0 = Debug|Any CPU
		{BD514177-A907-43B3-9BAD-2A6F63A9597D}.Release|Any CPU.ActiveCfg = Release|Any CPU
		{BD514177-A907-43B3-9BAD-2A6F63A9597D}.Release|Any CPU.Build.0 = Release|Any CPU
	EndGlobalSection
	GlobalSection(SolutionProperties) = preSolution
		HideSolutionNode = FALSE
	EndGlobalSection
	GlobalSection(ExtensibilityGlobals) = postSolution
		SolutionGuid = {BCA3193B-83B9-4C1F-9085-50057EC0F32E}
	EndGlobalSection
EndGlobal
